
Microsoft Visual Studio Solution File, Format Version 12.00
# Visual Studio Version 17
VisualStudioVersion = 17.4.33403.182
MinimumVisualStudioVersion = 10.0.40219.1
Project("{FAE04EC0-301F-11D3-BF4B-00C04F79EFBC}") = "trbojevicTomcCovjeceNeLjutiSe", "trbojevicTomcCovjeceNeLjutiSe\trbojevicTomcCovjeceNeLjutiSe.csproj", "{AC3762E6-9B7F-468C-A180-2D6274DBD71D}"
EndProject
Global
	GlobalSection(SolutionConfigurationPlatforms) = preSolution
		Debug|Any CPU = Debug|Any CPU
		Release|Any CPU = Release|Any CPU
	EndGlobalSection
	GlobalSection(ProjectConfigurationPlatforms) = postSolution
		{AC3762E6-9B7F-468C-A180-2D6274DBD71D}.Debug|Any CPU.ActiveCfg = Debug|Any CPU
		{AC3762E6-9B7F-468C-A180-2D6274DBD71D}.Debug|Any CPU.Build.0 = Debug|Any CPU
		{AC3762E6-9B7F-468C-A180-2D6274DBD71D}.Release|Any CPU.ActiveCfg = Release|Any CPU
		{AC3762E6-9B7F-468C-A180-2D6274DBD71D}.Release|Any CPU.Build.0 = Release|Any CPU
	EndGlobalSection
	GlobalSection(SolutionProperties) = preSolution
		HideSolutionNode = FALSE
	EndGlobalSection
	GlobalSection(ExtensibilityGlobals) = postSolution
		SolutionGuid = {BC881871-C357-49DC-B934-E36B9E2B74DF}
	EndGlobalSection
EndGlobal
